dependencies:
- name: postgresql
  repository: https://charts.bitnami.com/bitnami
  version: 12.1.2
- name: rabbitmq
  repository: https://charts.bitnami.com/bitnami
  version: 11.1.2
digest: sha256:2a56690aa418112564040aa22fc8cdc58d300f2bbfdb03448dccb3ed37176f16
generated: "2022-11-16T20:31:56.536184-05:00"
